
Microsoft Visual Studio Solution File, Format Version 12.00
# Visual Studio Version 17
VisualStudioVersion = 17.8.34309.116
MinimumVisualStudioVersion = 10.0.40219.1
Project("{FAE04EC0-301F-11D3-BF4B-00C04F79EFBC}") = "ModernWPFDesign", "ModernWPFDesign.csproj", "{6BBEC827-CAD8-4375-AB36-D407ED79610A}"
EndProject
Global
	GlobalSection(SolutionConfigurationPlatforms) = preSolution
		Debug|Any CPU = Debug|Any CPU
		Release|Any CPU = Release|Any CPU
	EndGlobalSection
	GlobalSection(ProjectConfigurationPlatforms) = postSolution
		{6BBEC827-CAD8-4375-AB36-D407ED79610A}.Debug|Any CPU.ActiveCfg = Debug|Any CPU
		{6BBEC827-CAD8-4375-AB36-D407ED79610A}.Debug|Any CPU.Build.0 = Debug|Any CPU
		{6BBEC827-CAD8-4375-AB36-D407ED79610A}.Release|Any CPU.ActiveCfg = Release|Any CPU
		{6BBEC827-CAD8-4375-AB36-D407ED79610A}.Release|Any CPU.Build.0 = Release|Any CPU
	EndGlobalSection
	GlobalSection(SolutionProperties) = preSolution
		HideSolutionNode = FALSE
	EndGlobalSection
	GlobalSection(ExtensibilityGlobals) = postSolution
		SolutionGuid = {EB08A61B-F31E-4DE1-90D8-9EBF28E7DD62}
	EndGlobalSection
EndGlobal
